
Microsoft Visual Studio Solution File, Format Version 12.00
# Visual Studio Version 16
VisualStudioVersion = 16.0.31515.178
MinimumVisualStudioVersion = 10.0.40219.1
Project("{FAE04EC0-301F-11D3-BF4B-00C04F79EFBC}") = "Biblioteca_InterfazSaldosDiarios", "Biblioteca_InterfazSaldosDiarios\Biblioteca_InterfazSaldosDiarios.csproj", "{D128104F-0757-4320-A31F-FE97D1724952}"
EndProject
Project("{FAE04EC0-301F-11D3-BF4B-00C04F79EFBC}") = "Interfaz_SaldosDiarios", "Interfaz_SaldosDiarios\Interfaz_SaldosDiarios.csproj", "{1F986A24-A363-4E3A-9468-2CAE44DA60A7}"
EndProject
Project("{FAE04EC0-301F-11D3-BF4B-00C04F79EFBC}") = "Interfaz_SaldosDiarios_Automatico", "Interfaz_SaldosDiarios_Automatico\Interfaz_SaldosDiarios_Automatico.csproj", "{F8FF52C9-4DCA-4D63-88A5-BEAE3B682A80}"
EndProject
Global
	GlobalSection(SolutionConfigurationPlatforms) = preSolution
		Debug|Any CPU = Debug|Any CPU
		Release|Any CPU = Release|Any CPU
	EndGlobalSection
	GlobalSection(ProjectConfigurationPlatforms) = postSolution
		{D128104F-0757-4320-A31F-FE97D1724952}.Debug|Any CPU.ActiveCfg = Debug|Any CPU
		{D128104F-0757-4320-A31F-FE97D1724952}.Debug|Any CPU.Build.0 = Debug|Any CPU
		{D128104F-0757-4320-A31F-FE97D1724952}.Release|Any CPU.ActiveCfg = Release|Any CPU
		{D128104F-0757-4320-A31F-FE97D1724952}.Release|Any CPU.Build.0 = Release|Any CPU
		{1F986A24-A363-4E3A-9468-2CAE44DA60A7}.Debug|Any CPU.ActiveCfg = Debug|Any CPU
		{1F986A24-A363-4E3A-9468-2CAE44DA60A7}.Debug|Any CPU.Build.0 = Debug|Any CPU
		{1F986A24-A363-4E3A-9468-2CAE44DA60A7}.Release|Any CPU.ActiveCfg = Release|Any CPU
		{1F986A24-A363-4E3A-9468-2CAE44DA60A7}.Release|Any CPU.Build.0 = Release|Any CPU
		{F8FF52C9-4DCA-4D63-88A5-BEAE3B682A80}.Debug|Any CPU.ActiveCfg = Debug|Any CPU
		{F8FF52C9-4DCA-4D63-88A5-BEAE3B682A80}.Debug|Any CPU.Build.0 = Debug|Any CPU
		{F8FF52C9-4DCA-4D63-88A5-BEAE3B682A80}.Release|Any CPU.ActiveCfg = Release|Any CPU
		{F8FF52C9-4DCA-4D63-88A5-BEAE3B682A80}.Release|Any CPU.Build.0 = Release|Any CPU
	EndGlobalSection
	GlobalSection(SolutionProperties) = preSolution
		HideSolutionNode = FALSE
	EndGlobalSection
	GlobalSection(ExtensibilityGlobals) = postSolution
		SolutionGuid = {411F3C25-E31A-40B0-A149-3A16EEC7436A}
	EndGlobalSection
EndGlobal
